
Microsoft Visual Studio Solution File, Format Version 12.00
# Visual Studio Version 17
VisualStudioVersion = 17.4.33103.184
MinimumVisualStudioVersion = 10.0.40219.1
Project("{FAE04EC0-301F-11D3-BF4B-00C04F79EFBC}") = "HomeWork5-8ReactRandomNumbers.Web", "HomeWork5-8ReactRandomNumbers.Web\HomeWork5-8ReactRandomNumbers.Web.csproj", "{68569751-61AB-4C16-BB16-1B3974FA70A2}"
EndProject
Global
	GlobalSection(SolutionConfigurationPlatforms) = preSolution
		Debug|Any CPU = Debug|Any CPU
		Release|Any CPU = Release|Any CPU
	EndGlobalSection
	GlobalSection(ProjectConfigurationPlatforms) = postSolution
		{68569751-61AB-4C16-BB16-1B3974FA70A2}.Debug|Any CPU.ActiveCfg = Debug|Any CPU
		{68569751-61AB-4C16-BB16-1B3974FA70A2}.Debug|Any CPU.Build.0 = Debug|Any CPU
		{68569751-61AB-4C16-BB16-1B3974FA70A2}.Release|Any CPU.ActiveCfg = Release|Any CPU
		{68569751-61AB-4C16-BB16-1B3974FA70A2}.Release|Any CPU.Build.0 = Release|Any CPU
	EndGlobalSection
	GlobalSection(SolutionProperties) = preSolution
		HideSolutionNode = FALSE
	EndGlobalSection
	GlobalSection(ExtensibilityGlobals) = postSolution
		SolutionGuid = {7EC30FA7-0701-47E0-915E-F07DCC138353}
	EndGlobalSection
EndGlobal
